
Microsoft Visual Studio Solution File, Format Version 12.00
# Visual Studio Version 16
VisualStudioVersion = 16.0.32106.194
MinimumVisualStudioVersion = 10.0.40219.1
Project("{FAE04EC0-301F-11D3-BF4B-00C04F79EFBC}") = "RateLimitApplication", "RateLimitApplication\RateLimitApplication.csproj", "{BDB51DAE-52F0-4551-AB76-3BC2F8BE5853}"
EndProject
Project("{FAE04EC0-301F-11D3-BF4B-00C04F79EFBC}") = "Infrastracture", "Infrastracture\Infrastracture.csproj", "{78DA9136-AAA4-430F-8E3A-8E42E2020EE9}"
EndProject
Global
	GlobalSection(SolutionConfigurationPlatforms) = preSolution
		Debug|Any CPU = Debug|Any CPU
		Release|Any CPU = Release|Any CPU
	EndGlobalSection
	GlobalSection(ProjectConfigurationPlatforms) = postSolution
		{BDB51DAE-52F0-4551-AB76-3BC2F8BE5853}.Debug|Any CPU.ActiveCfg = Debug|Any CPU
		{BDB51DAE-52F0-4551-AB76-3BC2F8BE5853}.Debug|Any CPU.Build.0 = Debug|Any CPU
		{BDB51DAE-52F0-4551-AB76-3BC2F8BE5853}.Release|Any CPU.ActiveCfg = Release|Any CPU
		{BDB51DAE-52F0-4551-AB76-3BC2F8BE5853}.Release|Any CPU.Build.0 = Release|Any CPU
		{78DA9136-AAA4-430F-8E3A-8E42E2020EE9}.Debug|Any CPU.ActiveCfg = Debug|Any CPU
		{78DA9136-AAA4-430F-8E3A-8E42E2020EE9}.Debug|Any CPU.Build.0 = Debug|Any CPU
		{78DA9136-AAA4-430F-8E3A-8E42E2020EE9}.Release|Any CPU.ActiveCfg = Release|Any CPU
		{78DA9136-AAA4-430F-8E3A-8E42E2020EE9}.Release|Any CPU.Build.0 = Release|Any CPU
	EndGlobalSection
	GlobalSection(SolutionProperties) = preSolution
		HideSolutionNode = FALSE
	EndGlobalSection
	GlobalSection(ExtensibilityGlobals) = postSolution
		SolutionGuid = {11635BF3-0B29-4533-86A4-2C4765A69C35}
	EndGlobalSection
EndGlobal
